// !$*UTF8*$!
{
	archiveVersion = 1;
	classes = {
	};
	objectVersion = 50;
	objects = {

/* Begin PBXBuildFile section */
		610096C0E0D3B4BB2D01E1A9 /* libPods-FlowerIdentification.a in Frameworks */ = {isa = PBXBuildFile; fileRef = 4E75405FB485D8FB781870E4 /* libPods-FlowerIdentification.a */; };
		FABE08A3270B77E800E3F6FB /* AppDelegate.swift in Sources */ = {isa = PBXBuildFile; fileRef = FABE08A2270B77E800E3F6FB /* AppDelegate.swift */; };
		FABE08A5270B77E800E3F6FB /* SceneDelegate.swift in Sources */ = {isa = PBXBuildFile; fileRef = FABE08A4270B77E800E3F6FB /* SceneDelegate.swift */; };
		FABE08A7270B77E800E3F6FB /* ViewController.swift in Sources */ = {isa = PBXBuildFile; fileRef = FABE08A6270B77E800E3F6FB /* ViewController.swift */; };
		FABE08AA270B77E800E3F6FB /* Main.storyboard in Resources */ = {isa = PBXBuildFile; fileRef = FABE08A8270B77E800E3F6FB /* Main.storyboard */; };
		FABE08AC270B77EB00E3F6FB /* Assets.xcassets in Resources */ = {isa = PBXBuildFile; fileRef = FABE08AB270B77EB00E3F6FB /* Assets.xcassets */; };
		FABE08AF270B77EB00E3F6FB /* LaunchScreen.storyboard in Resources */ = {isa = PBXBuildFile; fileRef = FABE08AD270B77EB00E3F6FB /* LaunchScreen.storyboard */; };
		FABE08B8270B819500E3F6FB /* FlowerClassifier.mlkitmodel in Sources */ = {isa = PBXBuildFile; fileRef = FABE08B7270B819500E3F6FB /* FlowerClassifier.mlkitmodel */; };
/* End PBXBuildFile section */

/* Begin PBXFileReference section */
		4E75405FB485D8FB781870E4 /* libPods-FlowerIdentification.a */ = {isa = PBXFileReference; explicitFileType = archive.ar; includeInIndex = 0; path = "libPods-FlowerIdentification.a"; sourceTree = BUILT_PRODUCTS_DIR; };
		A77FCB4DF168A6B0209CDE0B /* Pods-FlowerIdentification.release.xcconfig */ = {isa = PBXFileReference; includeInIndex = 1; lastKnownFileType = text.xcconfig; name = "Pods-FlowerIdentification.release.xcconfig"; path = "Target Support Files/Pods-FlowerIdentification/Pods-FlowerIdentification.release.xcconfig"; sourceTree = "<group>"; };
		BC2B6DDAE898025FDF1ADF92 /* Pods-FlowerIdentification.debug.xcconfig */ = {isa = PBXFileReference; includeInIndex = 1; lastKnownFileType = text.xcconfig; name = "Pods-FlowerIdentification.debug.xcconfig"; path = "Target Support Files/Pods-FlowerIdentification/Pods-FlowerIdentification.debug.xcconfig"; sourceTree = "<group>"; };
		FABE089F270B77E800E3F6FB /* FlowerIdentification.app */ = {isa = PBXFileReference; explicitFileType = wrapper.application; includeInIndex = 0; path = FlowerIdentification.app; sourceTree = BUILT_PRODUCTS_DIR; };
		FABE08A2270B77E800E3F6FB /* AppDelegate.swift */ = {isa = PBXFileReference; lastKnownFileType = sourcecode.swift; path = AppDelegate.swift; sourceTree = "<group>"; };
		FABE08A4270B77E800E3F6FB /* SceneDelegate.swift */ = {isa = PBXFileReference; lastKnownFileType = sourcecode.swift; path = SceneDelegate.swift; sourceTree = "<group>"; };
		FABE08A6270B77E800E3F6FB /* ViewController.swift */ = {isa = PBXFileReference; lastKnownFileType = sourcecode.swift; path = ViewController.swift; sourceTree = "<group>"; };
		FABE08A9270B77E800E3F6FB /* Base */ = {isa = PBXFileReference; lastKnownFileType = file.storyboard; name = Base; path = Base.lproj/Main.storyboard; sourceTree = "<group>"; };
		FABE08AB270B77EB00E3F6FB /* Assets.xcassets */ = {isa = PBXFileReference; lastKnownFileType = folder.assetcatalog; path = Assets.xcassets; sourceTree = "<group>"; };
		FABE08AE270B77EB00E3F6FB /* Base */ = {isa = PBXFileReference; lastKnownFileType = file.storyboard; name = Base; path = Base.lproj/LaunchScreen.storyboard; sourceTree = "<group>"; };
		FABE08B0270B77EB00E3F6FB /* Info.plist */ = {isa = PBXFileReference; lastKnownFileType = text.plist.xml; path = Info.plist; sourceTree = "<group>"; };
		FABE08B7270B819500E3F6FB /* FlowerClassifier.mlkitmodel */ = {isa = PBXFileReference; lastKnownFileType = file.mlmodel; path = FlowerClassifier.mlkitmodel; sourceTree = "<group>"; };
/* End PBXFileReference section */

/* Begin PBXFrameworksBuildPhase section */
		FABE089C270B77E800E3F6FB /* Frameworks */ = {
			isa = PBXFrameworksBuildPhase;
			buildActionMask = 2147483647;
			files = (
				610096C0E0D3B4BB2D01E1A9 /* libPods-FlowerIdentification.a in Frameworks */,
			);
			runOnlyForDeploymentPostprocessing = 0;
		};
/* End PBXFrameworksBuildPhase section */

/* Begin PBXGroup section */
		10CC25C9B783F684AA669DA4 /* Pods */ = {
			isa = PBXGroup;
			children = (
				BC2B6DDAE898025FDF1ADF92 /* Pods-FlowerIdentification.debug.xcconfig */,
				A77FCB4DF168A6B0209CDE0B /* Pods-FlowerIdentification.release.xcconfig */,
			);
			name = Pods;
			path = Pods;
			sourceTree = "<group>";
		};
		670054070B6CF6C482DFDAE4 /* Frameworks */ = {
			isa = PBXGroup;
			children = (
				4E75405FB485D8FB781870E4 /* libPods-FlowerIdentification.a */,
			);
			name = Frameworks;
			sourceTree = "<group>";
		};
		FABE0896270B77E800E3F6FB = {
			isa = PBXGroup;
			children = (
				FABE08A1270B77E800E3F6FB /* FlowerIdentification */,
				FABE08A0270B77E800E3F6FB /* Products */,
				10CC25C9B783F684AA669DA4 /* Pods */,
				670054070B6CF6C482DFDAE4 /* Frameworks */,
			);
			sourceTree = "<group>";
		};
		FABE08A0270B77E800E3F6FB /* Products */ = {
			isa = PBXGroup;
			children = (
				FABE089F270B77E800E3F6FB /* FlowerIdentification.app */,
			);
			name = Products;
			sourceTree = "<group>";
		};
		FABE08A1270B77E800E3F6FB /* FlowerIdentification */ = {
			isa = PBXGroup;
			children = (
				FABE08A2270B77E800E3F6FB /* AppDelegate.swift */,
				FABE08A4270B77E800E3F6FB /* SceneDelegate.swift */,
				FABE08BD270B95E300E3F6FB /* Model */,
				FABE08BF270B960100E3F6FB /* View */,
				FABE08BE270B95EE00E3F6FB /* Controller */,
				FABE08AB270B77EB00E3F6FB /* Assets.xcassets */,
				FABE08AD270B77EB00E3F6FB /* LaunchScreen.storyboard */,
				FABE08B0270B77EB00E3F6FB /* Info.plist */,
			);
			path = FlowerIdentification;
			sourceTree = "<group>";
		};
		FABE08BD270B95E300E3F6FB /* Model */ = {
			isa = PBXGroup;
			children = (
				FABE08B7270B819500E3F6FB /* FlowerClassifier.mlkitmodel */,
			);
			path = Model;
			sourceTree = "<group>";
		};
		FABE08BE270B95EE00E3F6FB /* Controller */ = {
			isa = PBXGroup;
			children = (
				FABE08A6270B77E800E3F6FB /* ViewController.swift */,
			);
			path = Controller;
			sourceTree = "<group>";
		};
		FABE08BF270B960100E3F6FB /* View */ = {
			isa = PBXGroup;
			children = (
				FABE08A8270B77E800E3F6FB /* Main.storyboard */,
			);
			path = View;
			sourceTree = "<group>";
		};
/* End PBXGroup section */

/* Begin PBXNativeTarget section */
		FABE089E270B77E800E3F6FB /* FlowerIdentification */ = {
			isa = PBXNativeTarget;
			buildConfigurationList = FABE08B3270B77EB00E3F6FB /* Build configuration list for PBXNativeTarget "FlowerIdentification" */;
			buildPhases = (
				AC95EE9F356F10D8646885BD /* [CP] Check Pods Manifest.lock */,
				FABE089B270B77E800E3F6FB /* Sources */,
				FABE089C270B77E800E3F6FB /* Frameworks */,
				FABE089D270B77E800E3F6FB /* Resources */,
			);
			buildRules = (
			);
			dependencies = (
			);
			name = FlowerIdentification;
			productName = FlowerIdentification;
			productReference = FABE089F270B77E800E3F6FB /* FlowerIdentification.app */;
			productType = "com.apple.product-type.application";
		};
/* End PBXNativeTarget section */

/* Begin PBXProject section */
		FABE0897270B77E800E3F6FB /* Project object */ = {
			isa = PBXProject;
			attributes = {
				LastSwiftUpdateCheck = 1240;
				LastUpgradeCheck = 1240;
				TargetAttributes = {
					FABE089E270B77E800E3F6FB = {
						CreatedOnToolsVersion = 12.4;
					};
				};
			};
			buildConfigurationList = FABE089A270B77E800E3F6FB /* Build configuration list for PBXProject "FlowerIdentification" */;
			compatibilityVersion = "Xcode 9.3";
			developmentRegion = en;
			hasScannedForEncodings = 0;
			knownRegions = (
				en,
				Base,
			);
			mainGroup = FABE0896270B77E800E3F6FB;
			productRefGroup = FABE08A0270B77E800E3F6FB /* Products */;
			projectDirPath = "";
			projectRoot = "";
			targets = (
				FABE089E270B77E800E3F6FB /* FlowerIdentification */,
			);
		};
/* End PBXProject section */

/* Begin PBXResourcesBuildPhase section */
		FABE089D270B77E800E3F6FB /* Resources */ = {
			isa = PBXResourcesBuildPhase;
			buildActionMask = 2147483647;
			files = (
				FABE08AF270B77EB00E3F6FB /* LaunchScreen.storyboard in Resources */,
				FABE08AC270B77EB00E3F6FB /* Assets.xcassets in Resources */,
				FABE08AA270B77E800E3F6FB /* Main.storyboard in Resources */,
			);
			runOnlyForDeploymentPostprocessing = 0;
		};
/* End PBXResourcesBuildPhase section */

/* Begin PBXShellScriptBuildPhase section */
		AC95EE9F356F10D8646885BD /* [CP] Check Pods Manifest.lock */ = {
			isa = PBXShellScriptBuildPhase;
			buildActionMask = 2147483647;
			files = (
			);
			inputFileListPaths = (
			);
			inputPaths = (
				"${PODS_PODFILE_DIR_PATH}/Podfile.lock",
				"${PODS_ROOT}/Manifest.lock",
			);
			name = "[CP] Check Pods Manifest.lock";
			outputFileListPaths = (
			);
			outputPaths = (
				"$(DERIVED_FILE_DIR)/Pods-FlowerIdentification-checkManifestLockResult.txt",
			);
			runOnlyForDeploymentPostprocessing = 0;
			shellPath = /bin/sh;
			shellScript = "diff \"${PODS_PODFILE_DIR_PATH}/Podfile.lock\" \"${PODS_ROOT}/Manifest.lock\" > /dev/null\nif [ $? != 0 ] ; then\n    # print error to STDERR\n    echo \"error: The sandbox is not in sync with the Podfile.lock. Run 'pod install' or update your CocoaPods installation.\" >&2\n    exit 1\nfi\n# This output is used by Xcode 'outputs' to avoid re-running this script phase.\necho \"SUCCESS\" > \"${SCRIPT_OUTPUT_FILE_0}\"\n";
			showEnvVarsInLog = 0;
		};
/* End PBXShellScriptBuildPhase section */

/* Begin PBXSourcesBuildPhase section */
		FABE089B270B77E800E3F6FB /* Sources */ = {
			isa = PBXSourcesBuildPhase;
			buildActionMask = 2147483647;
			files = (
				FABE08A7270B77E800E3F6FB /* ViewController.swift in Sources */,
				FABE08A3270B77E800E3F6FB /* AppDelegate.swift in Sources */,
				FABE08A5270B77E800E3F6FB /* SceneDelegate.swift in Sources */,
				FABE08B8270B819500E3F6FB /* FlowerClassifier.mlkitmodel in Sources */,
			);
			runOnlyForDeploymentPostprocessing = 0;
		};
/* End PBXSourcesBuildPhase section */

/* Begin PBXVariantGroup section */
		FABE08A8270B77E800E3F6FB /* Main.storyboard */ = {
			isa = PBXVariantGroup;
			children = (
				FABE08A9270B77E800E3F6FB /* Base */,
			);
			name = Main.storyboard;
			sourceTree = "<group>";
		};
		FABE08AD270B77EB00E3F6FB /* LaunchScreen.storyboard */ = {
			isa = PBXVariantGroup;
			children = (
				FABE08AE270B77EB00E3F6FB /* Base */,
			);
			name = LaunchScreen.storyboard;
			sourceTree = "<group>";
		};
/* End PBXVariantGroup section */

/* Begin XCBuildConfiguration section */
		FABE08B1270B77EB00E3F6FB /* Debug */ = {
			isa = XCBuildConfiguration;
			buildSettings = {
				ALWAYS_SEARCH_USER_PATHS = NO;
				CLANG_ANALYZER_NONNULL = YES;
				CLANG_ANALYZER_NUMBER_OBJECT_CONVERSION = YES_AGGRESSIVE;
				CLANG_CXX_LANGUAGE_STANDARD = "gnu++14";
				CLANG_CXX_LIBRARY = "libc++";
				CLANG_ENABLE_MODULES = YES;
				CLANG_ENABLE_OBJC_ARC = YES;
				CLANG_ENABLE_OBJC_WEAK = YES;
				CLANG_WARN_BLOCK_CAPTURE_AUTORELEASING = YES;
				CLANG_WARN_BOOL_CONVERSION = YES;
				CLANG_WARN_COMMA = YES;
				CLANG_WARN_CONSTANT_CONVERSION = YES;
				CLANG_WARN_DEPRECATED_OBJC_IMPLEMENTATIONS = YES;
				CLANG_WARN_DIRECT_OBJC_ISA_USAGE = YES_ERROR;
				CLANG_WARN_DOCUMENTATION_COMMENTS = YES;
				CLANG_WARN_EMPTY_BODY = YES;
				CLANG_WARN_ENUM_CONVERSION = YES;
				CLANG_WARN_INFINITE_RECURSION = YES;
				CLANG_WARN_INT_CONVERSION = YES;
				CLANG_WARN_NON_LITERAL_NULL_CONVERSION = YES;
				CLANG_WARN_OBJC_IMPLICIT_RETAIN_SELF = YES;
				CLANG_WARN_OBJC_LITERAL_CONVERSION = YES;
				CLANG_WARN_OBJC_ROOT_CLASS = YES_ERROR;
				CLANG_WARN_QUOTED_INCLUDE_IN_FRAMEWORK_HEADER = YES;
				CLANG_WARN_RANGE_LOOP_ANALYSIS = YES;
				CLANG_WARN_STRICT_PROTOTYPES = YES;
				CLANG_WARN_SUSPICIOUS_MOVE = YES;
				CLANG_WARN_UNGUARDED_AVAILABILITY = YES_AGGRESSIVE;
				CLANG_WARN_UNREACHABLE_CODE = YES;
				CLANG_WARN__DUPLICATE_METHOD_MATCH = YES;
				COPY_PHASE_STRIP = NO;
				DEBUG_INFORMATION_FORMAT = dwarf;
				ENABLE_STRICT_OBJC_MSGSEND = YES;
				ENABLE_TESTABILITY = YES;
				GCC_C_LANGUAGE_STANDARD = gnu11;
				GCC_DYNAMIC_NO_PIC = NO;
				GCC_NO_COMMON_BLOCKS = YES;
				GCC_OPTIMIZATION_LEVEL = 0;
				GCC_PREPROCESSOR_DEFINITIONS = (
					"DEBUG=1",
					"$(inherited)",
				);
				GCC_WARN_64_TO_32_BIT_CONVERSION = YES;
				GCC_WARN_ABOUT_RETURN_TYPE = YES_ERROR;
				GCC_WARN_UNDECLARED_SELECTOR = YES;
				GCC_WARN_UNINITIALIZED_AUTOS = YES_AGGRESSIVE;
				GCC_WARN_UNUSED_FUNCTION = YES;
				GCC_WARN_UNUSED_VARIABLE = YES;
				IPHONEOS_DEPLOYMENT_TARGET = 14.4;
				MTL_ENABLE_DEBUG_INFO = INCLUDE_SOURCE;
				MTL_FAST_MATH = YES;
				ONLY_ACTIVE_ARCH = YES;
				SDKROOT = iphoneos;
				SWIFT_ACTIVE_COMPILATION_CONDITIONS = DEBUG;
				SWIFT_OPTIMIZATION_LEVEL = "-Onone";
			};
			name = Debug;
		};
		FABE08B2270B77EB00E3F6FB /* Release */ = {
			isa = XCBuildConfiguration;
			buildSettings = {
				ALWAYS_SEARCH_USER_PATHS = NO;
				CLANG_ANALYZER_NONNULL = YES;
				CLANG_ANALYZER_NUMBER_OBJECT_CONVERSION = YES_AGGRESSIVE;
				CLANG_CXX_LANGUAGE_STANDARD = "gnu++14";
				CLANG_CXX_LIBRARY = "libc++";
				CLANG_ENABLE_MODULES = YES;
				CLANG_ENABLE_OBJC_ARC = YES;
				CLANG_ENABLE_OBJC_WEAK = YES;
				CLANG_WARN_BLOCK_CAPTURE_AUTORELEASING = YES;
				CLANG_WARN_BOOL_CONVERSION = YES;
				CLANG_WARN_COMMA = YES;
				CLANG_WARN_CONSTANT_CONVERSION = YES;
				CLANG_WARN_DEPRECATED_OBJC_IMPLEMENTATIONS = YES;
				CLANG_WARN_DIRECT_OBJC_ISA_USAGE = YES_ERROR;
				CLANG_WARN_DOCUMENTATION_COMMENTS = YES;
				CLANG_WARN_EMPTY_BODY = YES;
				CLANG_WARN_ENUM_CONVERSION = YES;
				CLANG_WARN_INFINITE_RECURSION = YES;
				CLANG_WARN_INT_CONVERSION = YES;
				CLANG_WARN_NON_LITERAL_NULL_CONVERSION = YES;
				CLANG_WARN_OBJC_IMPLICIT_RETAIN_SELF = YES;
				CLANG_WARN_OBJC_LITERAL_CONVERSION = YES;
				CLANG_WARN_OBJC_ROOT_CLASS = YES_ERROR;
				CLANG_WARN_QUOTED_INCLUDE_IN_FRAMEWORK_HEADER = YES;
				CLANG_WARN_RANGE_LOOP_ANALYSIS = YES;
				CLANG_WARN_STRICT_PROTOTYPES = YES;
				CLANG_WARN_SUSPICIOUS_MOVE = YES;
				CLANG_WARN_UNGUARDED_AVAILABILITY = YES_AGGRESSIVE;
				CLANG_WARN_UNREACHABLE_CODE = YES;
				CLANG_WARN__DUPLICATE_METHOD_MATCH = YES;
				COPY_PHASE_STRIP = NO;
				DEBUG_INFORMATION_FORMAT = "dwarf-with-dsym";
				ENABLE_NS_ASSERTIONS = NO;
				ENABLE_STRICT_OBJC_MSGSEND = YES;
				GCC_C_LANGUAGE_STANDARD = gnu11;
				GCC_NO_COMMON_BLOCKS = YES;
				GCC_WARN_64_TO_32_BIT_CONVERSION = YES;
				GCC_WARN_ABOUT_RETURN_TYPE = YES_ERROR;
				GCC_WARN_UNDECLARED_SELECTOR = YES;
				GCC_WARN_UNINITIALIZED_AUTOS = YES_AGGRESSIVE;
				GCC_WARN_UNUSED_FUNCTION = YES;
				GCC_WARN_UNUSED_VARIABLE = YES;
				IPHONEOS_DEPLOYMENT_TARGET = 14.4;
				MTL_ENABLE_DEBUG_INFO = NO;
				MTL_FAST_MATH = YES;
				SDKROOT = iphoneos;
				SWIFT_COMPILATION_MODE = wholemodule;
				SWIFT_OPTIMIZATION_LEVEL = "-O";
				VALIDATE_PRODUCT = YES;
			};
			name = Release;
		};
		FABE08B4270B77EB00E3F6FB /* Debug */ = {
			isa = XCBuildConfiguration;
			baseConfigurationReference = BC2B6DDAE898025FDF1ADF92 /* Pods-FlowerIdentification.debug.xcconfig */;
			buildSettings = {
				ASSETCATALOG_COMPILER_APPICON_NAME = AppIcon;
				ASSETCATALOG_COMPILER_GLOBAL_ACCENT_COLOR_NAME = AccentColor;
				CODE_SIGN_STYLE = Automatic;
				DEVELOPMENT_TEAM = K33FXWL25N;
				INFOPLIST_FILE = FlowerIdentification/Info.plist;
				LD_RUNPATH_SEARCH_PATHS = (
					"$(inherited)",
					"@executable_path/Frameworks",
				);
				PRODUCT_BUNDLE_IDENTIFIER = co.AOS.FlowerIdentification;
				PRODUCT_NAME = "$(TARGET_NAME)";
				SWIFT_VERSION = 5.0;
				TARGETED_DEVICE_FAMILY = "1,2";
			};
			name = Debug;
		};
		FABE08B5270B77EB00E3F6FB /* Release */ = {
			isa = XCBuildConfiguration;
			baseConfigurationReference = A77FCB4DF168A6B0209CDE0B /* Pods-FlowerIdentification.release.xcconfig */;
			buildSettings = {
				ASSETCATALOG_COMPILER_APPICON_NAME = AppIcon;
				ASSETCATALOG_COMPILER_GLOBAL_ACCENT_COLOR_NAME = AccentColor;
				CODE_SIGN_STYLE = Automatic;
				DEVELOPMENT_TEAM = K33FXWL25N;
				INFOPLIST_FILE = FlowerIdentification/Info.plist;
				LD_RUNPATH_SEARCH_PATHS = (
					"$(inherited)",
					"@executable_path/Frameworks",
				);
				PRODUCT_BUNDLE_IDENTIFIER = co.AOS.FlowerIdentification;
				PRODUCT_NAME = "$(TARGET_NAME)";
				SWIFT_VERSION = 5.0;
				TARGETED_DEVICE_FAMILY = "1,2";
			};
			name = Release;
		};
/* End XCBuildConfiguration section */

/* Begin XCConfigurationList section */
		FABE089A270B77E800E3F6FB /* Build configuration list for PBXProject "FlowerIdentification" */ = {
			isa = XCConfigurationList;
			buildConfigurations = (
				FABE08B1270B77EB00E3F6FB /* Debug */,
				FABE08B2270B77EB00E3F6FB /* Release */,
			);
			defaultConfigurationIsVisible = 0;
			defaultConfigurationName = Release;
		};
		FABE08B3270B77EB00E3F6FB /* Build configuration list for PBXNativeTarget "FlowerIdentification" */ = {
			isa = XCConfigurationList;
			buildConfigurations = (
				FABE08B4270B77EB00E3F6FB /* Debug */,
				FABE08B5270B77EB00E3F6FB /* Release */,
			);
			defaultConfigurationIsVisible = 0;
			defaultConfigurationName = Release;
		};
/* End XCConfigurationList section */
	};
	rootObject = FABE0897270B77E800E3F6FB /* Project object */;
}
